
Microsoft Visual Studio Solution File, Format Version 12.00
# Visual Studio Version 16
VisualStudioVersion = 16.0.31424.327
MinimumVisualStudioVersion = 10.0.40219.1
Project("{9A19103F-16F7-4668-BE54-9A1E7A4F7556}") = "01.Methods", "Methods\01.Methods.csproj", "{5B2B9C19-6B4A-4408-972C-820568C32FBE}"
EndProject
Project("{9A19103F-16F7-4668-BE54-9A1E7A4F7556}") = "02.VoidMethodsRetry", "02.VoidMethodsRetry\02.VoidMethodsRetry.csproj", "{28FD8B11-4CFA-451C-AD5C-48CA1C4E5405}"
EndProject
Project("{9A19103F-16F7-4668-BE54-9A1E7A4F7556}") = "03.MethodsThatReturnValues", "03.MethodsThatReturnValues\03.MethodsThatReturnValues.csproj", "{E6E61708-6501-476E-8FF9-A707CF7EFB79}"
EndProject
Project("{9A19103F-16F7-4668-BE54-9A1E7A4F7556}") = "04.OverloadingMethods", "04.OverloadingMethods\04.OverloadingMethods.csproj", "{5F30645B-F056-4908-8C8C-D96558591CC0}"
EndProject
Project("{9A19103F-16F7-4668-BE54-9A1E7A4F7556}") = "05.VarNumOfArgs", "05.VarNumOfArgs\05.VarNumOfArgs.csproj", "{05CBC396-7D97-44DC-9FAD-14ABB0994F0A}"
EndProject
Project("{9A19103F-16F7-4668-BE54-9A1E7A4F7556}") = "06.MethodsWithOptionalArguments", "MethodsWithOptionalArguments\06.MethodsWithOptionalArguments.csproj", "{1FCAA2F2-CB5D-4751-8987-D3FCAF1D1C12}"
EndProject
Project("{9A19103F-16F7-4668-BE54-9A1E7A4F7556}") = "07.ReferencesAndValueTypes", "07.ReferencesAndValueTypes\07.ReferencesAndValueTypes.csproj", "{2AF81AC6-6E1D-44FD-A4C1-DD2FC15473B0}"
EndProject
Project("{FAE04EC0-301F-11D3-BF4B-00C04F79EFBC}") = "08.RefAndOut", "08.RefInAndOut\08.RefAndOut.csproj", "{CC632803-C9C7-48EA-B58C-47760B089851}"
EndProject
Global
	GlobalSection(SolutionConfigurationPlatforms) = preSolution
		Debug|Any CPU = Debug|Any CPU
		Release|Any CPU = Release|Any CPU
	EndGlobalSection
	GlobalSection(ProjectConfigurationPlatforms) = postSolution
		{5B2B9C19-6B4A-4408-972C-820568C32FBE}.Debug|Any CPU.ActiveCfg = Debug|Any CPU
		{5B2B9C19-6B4A-4408-972C-820568C32FBE}.Debug|Any CPU.Build.0 = Debug|Any CPU
		{5B2B9C19-6B4A-4408-972C-820568C32FBE}.Release|Any CPU.ActiveCfg = Release|Any CPU
		{5B2B9C19-6B4A-4408-972C-820568C32FBE}.Release|Any CPU.Build.0 = Release|Any CPU
		{28FD8B11-4CFA-451C-AD5C-48CA1C4E5405}.Debug|Any CPU.ActiveCfg = Debug|Any CPU
		{28FD8B11-4CFA-451C-AD5C-48CA1C4E5405}.Debug|Any CPU.Build.0 = Debug|Any CPU
		{28FD8B11-4CFA-451C-AD5C-48CA1C4E5405}.Release|Any CPU.ActiveCfg = Release|Any CPU
		{28FD8B11-4CFA-451C-AD5C-48CA1C4E5405}.Release|Any CPU.Build.0 = Release|Any CPU
		{E6E61708-6501-476E-8FF9-A707CF7EFB79}.Debug|Any CPU.ActiveCfg = Debug|Any CPU
		{E6E61708-6501-476E-8FF9-A707CF7EFB79}.Debug|Any CPU.Build.0 = Debug|Any CPU
		{E6E61708-6501-476E-8FF9-A707CF7EFB79}.Release|Any CPU.ActiveCfg = Release|Any CPU
		{E6E61708-6501-476E-8FF9-A707CF7EFB79}.Release|Any CPU.Build.0 = Release|Any CPU
		{5F30645B-F056-4908-8C8C-D96558591CC0}.Debug|Any CPU.ActiveCfg = Debug|Any CPU
		{5F30645B-F056-4908-8C8C-D96558591CC0}.Debug|Any CPU.Build.0 = Debug|Any CPU
		{5F30645B-F056-4908-8C8C-D96558591CC0}.Release|Any CPU.ActiveCfg = Release|Any CPU
		{5F30645B-F056-4908-8C8C-D96558591CC0}.Release|Any CPU.Build.0 = Release|Any CPU
		{05CBC396-7D97-44DC-9FAD-14ABB0994F0A}.Debug|Any CPU.ActiveCfg = Debug|Any CPU
		{05CBC396-7D97-44DC-9FAD-14ABB0994F0A}.Debug|Any CPU.Build.0 = Debug|Any CPU
		{05CBC396-7D97-44DC-9FAD-14ABB0994F0A}.Release|Any CPU.ActiveCfg = Release|Any CPU
		{05CBC396-7D97-44DC-9FAD-14ABB0994F0A}.Release|Any CPU.Build.0 = Release|Any CPU
		{1FCAA2F2-CB5D-4751-8987-D3FCAF1D1C12}.Debug|Any CPU.ActiveCfg = Debug|Any CPU
		{1FCAA2F2-CB5D-4751-8987-D3FCAF1D1C12}.Debug|Any CPU.Build.0 = Debug|Any CPU
		{1FCAA2F2-CB5D-4751-8987-D3FCAF1D1C12}.Release|Any CPU.ActiveCfg = Release|Any CPU
		{1FCAA2F2-CB5D-4751-8987-D3FCAF1D1C12}.Release|Any CPU.Build.0 = Release|Any CPU
		{2AF81AC6-6E1D-44FD-A4C1-DD2FC15473B0}.Debug|Any CPU.ActiveCfg = Debug|Any CPU
		{2AF81AC6-6E1D-44FD-A4C1-DD2FC15473B0}.Debug|Any CPU.Build.0 = Debug|Any CPU
		{2AF81AC6-6E1D-44FD-A4C1-DD2FC15473B0}.Release|Any CPU.ActiveCfg = Release|Any CPU
		{2AF81AC6-6E1D-44FD-A4C1-DD2FC15473B0}.Release|Any CPU.Build.0 = Release|Any CPU
		{CC632803-C9C7-48EA-B58C-47760B089851}.Debug|Any CPU.ActiveCfg = Debug|Any CPU
		{CC632803-C9C7-48EA-B58C-47760B089851}.Debug|Any CPU.Build.0 = Debug|Any CPU
		{CC632803-C9C7-48EA-B58C-47760B089851}.Release|Any CPU.ActiveCfg = Release|Any CPU
		{CC632803-C9C7-48EA-B58C-47760B089851}.Release|Any CPU.Build.0 = Release|Any CPU
	EndGlobalSection
	GlobalSection(SolutionProperties) = preSolution
		HideSolutionNode = FALSE
	EndGlobalSection
	GlobalSection(ExtensibilityGlobals) = postSolution
		SolutionGuid = {434A995D-2A3F-4075-A840-95642A307D57}
	EndGlobalSection
EndGlobal
